Microsoft Visual Studio Solution File, Format Version 12.00
# Visual Studio Version 17
VisualStudioVersion = 17.0.31903.59
MinimumVisualStudioVersion = 10.0.40219.1
Project("{C974901A-DF84-4C72-9368-4DA61262C7F0}") = "Project_4e29403b25e446ceae963fadc66e59ac_20250619080305467581", "Project_4e29403b25e446ceae963fadc66e59ac_20250619080305467581.csproj", "{C974901A-DF84-4C72-9368-4DA61262C7F0}"
EndProject
Global
    GlobalSection(SolutionConfigurationPlatforms) = preSolution
        Debug|Any CPU = Debug|Any CPU
        Release|Any CPU = Release|Any CPU
    EndGlobalSection
    GlobalSection(ProjectConfigurationPlatforms) = postSolution
        {C974901A-DF84-4C72-9368-4DA61262C7F0}.Debug|Any CPU.ActiveCfg = Debug|Any CPU
        {C974901A-DF84-4C72-9368-4DA61262C7F0}.Debug|Any CPU.Build.0 = Debug|Any CPU
        {C974901A-DF84-4C72-9368-4DA61262C7F0}.Release|Any CPU.ActiveCfg = Release|Any CPU
        {C974901A-DF84-4C72-9368-4DA61262C7F0}.Release|Any CPU.Build.0 = Release|Any CPU
    EndGlobalSection
EndGlobal